"2-thenable@^1.0.0":
  version "1.0.0"
  resolved "https://art.code.pan.run/artifactory/api/npm/npm-registry/2-thenable/-/2-thenable-1.0.0.tgz#56e9a2e363293b1e507f501aac1aa9927670b2fc"
  integrity sha512-HqiDzaLDFCXkcCO/SwoyhRwqYtINFHF7t9BDRq4x90TOKNAJpiqUt9X5lQ08bwxYzc067HUywDjGySpebHcUpw==
  dependencies:
    d "1"
    es5-ext "^0.10.47"

"@babel/cli@^7.14.5":
  version "7.20.7"
  resolved "https://art.code.pan.run/artifactory/api/npm/npm-registry/@babel/cli/-/cli-7.20.7.tgz#8fc12e85c744a1a617680eacb488fab1fcd35b7c"
  integrity sha512-WylgcELHB66WwQqItxNILsMlaTd8/SO6SgTTjMp4uCI7P4QyH1r3nqgFmO3BfM4AtfniHgFMH3EpYFj/zynBkQ==
  dependencies:
    "@jridgewell/trace-mapping" "^0.3.8"
    commander "^4.0.1"
    convert-source-map "^1.1.0"
    fs-readdir-recursive "^1.1.0"
    glob "^7.2.0"
    make-dir "^2.1.0"
    slash "^2.0.0"
  optionalDependencies:
    "@nicolo-ribaudo/chokidar-2" "2.1.8-no-fsevents.3"
    chokidar "^3.4.0"

"@babel/code-frame@^7.0.0", "@babel/code-frame@^7.18.6", "@babel/code-frame@^7.8.3":
  version "7.18.6"
  resolved "https://art.code.pan.run/artifactory/api/npm/npm-registry/@babel/code-frame/-/code-frame-7.18.6.tgz#3b25d38c89600baa2dcc219edfa88a74eb2c427a"
  integrity sha512-TDCmlK5eOvH+eH7cdAFlNXeVJqWIQ7gW9tY1GJIpUtFb6CmjVyq2VM3u71bOyR8CRihcCgMUYoDNyLXao3+70Q==
  dependencies:
    "@babel/highlight" "^7.18.6"

"@babel/compat-data@^7.17.7", "@babel/compat-data@^7.20.1", "@babel/compat-data@^7.20.5":
  version "7.20.5"
  resolved "https://art.code.pan.run/artifactory/api/npm/npm-registry/@babel/compat-data/-/compat-data-7.20.5.tgz#86f172690b093373a933223b4745deeb6049e733"
  integrity sha512-KZXo2t10+/jxmkhNXc7pZTqRvSOIvVv/+lJwHS+B2rErwOyjuVRh60yVpb7liQ1U5t7lLJ1bz+t8tSypUZdm0g==

"@babel/core@7.8.4":
  version "7.8.4"
  resolved "https://art.code.pan.run/artifactory/api/npm/npm-registry/@babel/core/-/core-7.8.4.tgz#d496799e5c12195b3602d0fddd77294e3e38e80e"
  integrity sha512-0LiLrB2PwrVI+a2/IEskBopDYSd8BCb3rOvH7D5tzoWd696TBEduBvuLVm4Nx6rltrLZqvI3MCalB2K2aVzQjA==
  dependencies:
    "@babel/code-frame" "^7.8.3"
    "@babel/generator" "^7.8.4"
    "@babel/helpers" "^7.8.4"
    "@babel/parser" "^7.8.4"
    "@babel/template" "^7.8.3"
    "@babel/traverse" "^7.8.4"
    "@babel/types" "^7.8.3"
    convert-source-map "^1.7.0"
    debug "^4.1.0"
    gensync "^1.0.0-beta.1"
    json5 "^2.1.0"
    lodash "^4.17.13"
    resolve "^1.3.2"
    semver "^5.4.1"
    source-map "^0.5.0"

"@babel/generator@^7.20.7", "@babel/generator@^7.8.4":
  version "7.20.7"
  resolved "https://art.code.pan.run/artifactory/api/npm/npm-registry/@babel/generator/-/generator-7.20.7.tgz#f8ef57c8242665c5929fe2e8d82ba75460187b4a"
  integrity sha512-7wqMOJq8doJMZmP4ApXTzLxSr7+oO2jroJURrVEp6XShrQUObV8Tq/D0NCcoYg2uHqUrjzO0zwBjoYzelxK+sw==
  dependencies:
    "@babel/types" "^7.20.7"
    "@jridgewell/gen-mapping" "^0.3.2"
    jsesc "^2.5.1"

"@babel/helper-annotate-as-pure@^7.18.6":
  version "7.18.6"
  resolved "https://art.code.pan.run/artifactory/api/npm/npm-registry/@babel/helper-annotate-as-pure/-/helper-annotate-as-pure-7.18.6.tgz#eaa49f6f80d5a33f9a5dd2276e6d6e451be0a6bb"
  integrity sha512-duORpUiYrEpzKIop6iNbjnwKLAKnJ47csTyRACyEmWj0QdUrm5aqNJGHSSEQSUAvNW0ojX0dOmK9dZduvkfeXA==
  dependencies:
    "@babel/types" "^7.18.6"

"@babel/helper-builder-binary-assignment-operator-visitor@^7.18.6":
  version "7.18.9"
  resolved "https://art.code.pan.run/artifactory/api/npm/npm-registry/@babel/helper-builder-binary-assignment-operator-visitor/-/helper-builder-binary-assignment-operator-visitor-7.18.9.tgz#acd4edfd7a566d1d51ea975dff38fd52906981bb"
  integrity sha512-yFQ0YCHoIqarl8BCRwBL8ulYUaZpz3bNsA7oFepAzee+8/+ImtADXNOmO5vJvsPff3qi+hvpkY/NYBTrBQgdNw==
  dependencies:
    "@babel/helper-explode-assignable-expression" "^7.18.6"
    "@babel/types" "^7.18.9"

"@babel/helper-compilation-targets@^7.17.7", "@babel/helper-compilation-targets@^7.18.9", "@babel/helper-compilation-targets@^7.20.0", "@babel/helper-compilation-targets@^7.20.7":
  version "7.20.7"
  resolved "https://art.code.pan.run/artifactory/api/npm/npm-registry/@babel/helper-compilation-targets/-/helper-compilation-targets-7.20.7.tgz#a6cd33e93629f5eb473b021aac05df62c4cd09bb"
  integrity sha512-4tGORmfQcrc+bvrjb5y3dG9Mx1IOZjsHqQVUz7XCNHO+iTmqxWnVg3KRygjGmpRLJGdQSKuvFinbIb0CnZwHAQ==
  dependencies:
    "@babel/compat-data" "^7.20.5"
    "@babel/helper-validator-option" "^7.18.6"
    browserslist "^4.21.3"
    lru-cache "^5.1.1"
    semver "^6.3.0"

"@babel/helper-create-class-features-plugin@^7.18.6", "@babel/helper-create-class-features-plugin@^7.20.5", "@babel/helper-create-class-features-plugin@^7.20.7":
  version "7.20.7"
  resolved "https://art.code.pan.run/artifactory/api/npm/npm-registry/@babel/helper-create-class-features-plugin/-/helper-create-class-features-plugin-7.20.7.tgz#d0e1f8d7e4ed5dac0389364d9c0c191d948ade6f"
  integrity sha512-LtoWbDXOaidEf50hmdDqn9g8VEzsorMexoWMQdQODbvmqYmaF23pBP5VNPAGIFHsFQCIeKokDiz3CH5Y2jlY6w==
  dependencies:
    "@babel/helper-annotate-as-pure" "^7.18.6"
    "@babel/helper-environment-visitor" "^7.18.9"
    "@babel/helper-function-name" "^7.19.0"
    "@babel/helper-member-expression-to-functions" "^7.20.7"
    "@babel/helper-optimise-call-expression" "^7.18.6"
    "@babel/helper-replace-supers" "^7.20.7"
    "@babel/helper-split-export-declaration" "^7.18.6"

"@babel/helper-create-regexp-features-plugin@^7.18.6", "@babel/helper-create-regexp-features-plugin@^7.20.5":
  version "7.20.5"
  resolved "https://art.code.pan.run/artifactory/api/npm/npm-registry/@babel/helper-create-regexp-features-plugin/-/helper-create-regexp-features-plugin-7.20.5.tgz#5ea79b59962a09ec2acf20a963a01ab4d076ccca"
  integrity sha512-m68B1lkg3XDGX5yCvGO0kPx3v9WIYLnzjKfPcQiwntEQa5ZeRkPmo2X/ISJc8qxWGfwUr+kvZAeEzAwLec2r2w==
  dependencies:
    "@babel/helper-annotate-as-pure" "^7.18.6"
    regexpu-core "^5.2.1"

"@babel/helper-define-polyfill-provider@^0.3.3":
  version "0.3.3"
  resolved "https://art.code.pan.run/artifactory/api/npm/npm-registry/@babel/helper-define-polyfill-provider/-/helper-define-polyfill-provider-0.3.3.tgz#8612e55be5d51f0cd1f36b4a5a83924e89884b7a"
  integrity sha512-z5aQKU4IzbqCC1XH0nAqfsFLMVSo22SBKUc0BxGrLkolTdPTructy0ToNnlO2zA4j9Q/7pjMZf0DSY+DSTYzww==
  dependencies:
    "@babel/helper-compilation-targets" "^7.17.7"
    "@babel/helper-plugin-utils" "^7.16.7"
    debug "^4.1.1"
    lodash.debounce "^4.0.8"
    resolve "^1.14.2"
    semver "^6.1.2"

"@babel/helper-environment-visitor@^7.18.9":
  version "7.18.9"
  resolved "https://art.code.pan.run/artifactory/api/npm/npm-registry/@babel/helper-environment-visitor/-/helper-environment-visitor-7.18.9.tgz#0c0cee9b35d2ca190478756865bb3528422f51be"
  integrity sha512-3r/aACDJ3fhQ/EVgFy0hpj8oHyHpQc+LPtJoY9SzTThAsStm4Ptegq92vqKoE3vD706ZVFWITnMnxucw+S9Ipg==

"@babel/helper-explode-assignable-expression@^7.18.6":
  version "7.18.6"
  resolved "https://art.code.pan.run/artifactory/api/npm/npm-registry/@babel/helper-explode-assignable-expression/-/helper-explode-assignable-expression-7.18.6.tgz#41f8228ef0a6f1a036b8dfdfec7ce94f9a6bc096"
  integrity sha512-eyAYAsQmB80jNfg4baAtLeWAQHfHFiR483rzFK+BhETlGZaQC9bsfrugfXDCbRHLQbIA7U5NxhhOxN7p/dWIcg==
  dependencies:
    "@babel/types" "^7.18.6"

"@babel/helper-function-name@^7.18.9", "@babel/helper-function-name@^7.19.0":
  version "7.19.0"
  resolved "https://art.code.pan.run/artifactory/api/npm/npm-registry/@babel/helper-function-name/-/helper-function-name-7.19.0.tgz#941574ed5390682e872e52d3f38ce9d1bef4648c"
  integrity sha512-WAwHBINyrpqywkUH0nTnNgI5ina5TFn85HKS0pbPDfxFfhyR/aNQEn4hGi1P1JyT//I0t4OgXUlofzWILRvS5w==
  dependencies:
    "@babel/template" "^7.18.10"
    "@babel/types" "^7.19.0"

"@babel/helper-hoist-variables@^7.18.6":
  version "7.18.6"
  resolved "https://art.code.pan.run/artifactory/api/npm/npm-registry/@babel/helper-hoist-variables/-/helper-hoist-variables-7.18.6.tgz#d4d2c8fb4baeaa5c68b99cc8245c56554f926678"
  integrity sha512-UlJQPkFqFULIcyW5sbzgbkxn2FKRgwWiRexcuaR8RNJRy8+LLveqPjwZV/bwrLZCN0eUHD/x8D0heK1ozuoo6Q==
  dependencies:
    "@babel/types" "^7.18.6"

"@babel/helper-member-expression-to-functions@^7.20.7":
  version "7.20.7"
  resolved "https://art.code.pan.run/artifactory/api/npm/npm-registry/@babel/helper-member-expression-to-functions/-/helper-member-expression-to-functions-7.20.7.tgz#a6f26e919582275a93c3aa6594756d71b0bb7f05"
  integrity sha512-9J0CxJLq315fEdi4s7xK5TQaNYjZw+nDVpVqr1axNGKzdrdwYBD5b4uKv3n75aABG0rCCTK8Im8Ww7eYfMrZgw==
  dependencies:
    "@babel/types" "^7.20.7"

"@babel/helper-module-imports@^7.18.6":
  version "7.18.6"
  resolved "https://art.code.pan.run/artifactory/api/npm/npm-registry/@babel/helper-module-imports/-/helper-module-imports-7.18.6.tgz#1e3ebdbbd08aad1437b428c50204db13c5a3ca6e"
  integrity sha512-0NFvs3VkuSYbFi1x2Vd6tKrywq+z/cLeYC/RJNFrIX/30Bf5aiGYbtvGXolEktzJH8o5E5KJ3tT+nkxuuZFVlA==
  dependencies:
    "@babel/types" "^7.18.6"

"@babel/helper-module-transforms@^7.18.6", "@babel/helper-module-transforms@^7.19.6", "@babel/helper-module-transforms@^7.20.7":
  version "7.20.7"
  resolved "https://art.code.pan.run/artifactory/api/npm/npm-registry/@babel/helper-module-transforms/-/helper-module-transforms-7.20.7.tgz#7a6c9a1155bef55e914af574153069c9d9470c43"
  integrity sha512-FNdu7r67fqMUSVuQpFQGE6BPdhJIhitoxhGzDbAXNcA07uoVG37fOiMk3OSV8rEICuyG6t8LGkd9EE64qIEoIA==
  dependencies:
    "@babel/helper-environment-visitor" "^7.18.9"
    "@babel/helper-module-imports" "^7.18.6"
    "@babel/helper-simple-access" "^7.20.2"
    "@babel/helper-split-export-declaration" "^7.18.6"
    "@babel/helper-validator-identifier" "^7.19.1"
    "@babel/template" "^7.20.7"
    "@babel/traverse" "^7.20.7"
    "@babel/types" "^7.20.7"

"@babel/helper-optimise-call-expression@^7.18.6":
  version "7.18.6"
  resolved "https://art.code.pan.run/artifactory/api/npm/npm-registry/@babel/helper-optimise-call-expression/-/helper-optimise-call-expression-7.18.6.tgz#9369aa943ee7da47edab2cb4e838acf09d290ffe"
  integrity sha512-HP59oD9/fEHQkdcbgFCnbmgH5vIQTJbxh2yf+CdM89/glUNnuzr87Q8GIjGEnOktTROemO0Pe0iPAYbqZuOUiA==
  dependencies:
    "@babel/types" "^7.18.6"

"@babel/helper-plugin-utils@^7.0.0", "@babel/helper-plugin-utils...
